
Microsoft Visual Studio Solution File, Format Version 12.00
# Visual Studio Version 16
VisualStudioVersion = 16.0.29709.97
MinimumVisualStudioVersion = 10.0.40219.1
Project("{9A19103F-16F7-4668-BE54-9A1E7A4F7556}") = "DestinySecrets", "DestinySecrets\DestinySecrets.csproj", "{366A385B-D8E6-43EA-8E2B-0A6FED441855}"
EndProject
Global
	GlobalSection(SolutionConfigurationPlatforms) = preSolution
		Debug|Any CPU = Debug|Any CPU
		Release|Any CPU = Release|Any CPU
	EndGlobalSection
	GlobalSection(ProjectConfigurationPlatforms) = postSolution
		{366A385B-D8E6-43EA-8E2B-0A6FED441855}.Debug|Any CPU.ActiveCfg = Debug|Any CPU
		{366A385B-D8E6-43EA-8E2B-0A6FED441855}.Debug|Any CPU.Build.0 = Debug|Any CPU
		{366A385B-D8E6-43EA-8E2B-0A6FED441855}.Release|Any CPU.ActiveCfg = Release|Any CPU
		{366A385B-D8E6-43EA-8E2B-0A6FED441855}.Release|Any CPU.Build.0 = Release|Any CPU
	EndGlobalSection
	GlobalSection(SolutionProperties) = preSolution
		HideSolutionNode = FALSE
	EndGlobalSection
	GlobalSection(ExtensibilityGlobals) = postSolution
		SolutionGuid = {4F4A4C02-F055-4C0B-B844-3E2BF5421054}
	EndGlobalSection
EndGlobal
